<Solution>
  <Project Path="BankingSystem.Api/BankingSystem.Api.csproj" />
  <Project Path="BankingSystem.Application/BankingSystem.Application.csproj" />
  <Project Path="BankingSystem.Domain/BankingSystem.Domain.csproj" />
  <Project Path="BankingSystem.Infrastructure/BankingSystem.Infrastructure.csproj" />
</Solution>
